
Microsoft Visual Studio Solution File, Format Version 12.00
# Visual Studio 15
Project("{FAE04EC0-301F-11D3-BF4B-00C04F79EFBC}") = "Unity.Timeline", "Unity.Timeline.csproj", "{91677C46-27BB-5523-82DD-A55045DBBCA2}"
EndProject
Project("{FAE04EC0-301F-11D3-BF4B-00C04F79EFBC}") = "Unity.TestTools.CodeCoverage.Editor", "Unity.TestTools.CodeCoverage.Editor.csproj", "{CAA7ED78-0FE2-5B67-C867-DF829B03229C}"
EndProject
Project("{FAE04EC0-301F-11D3-BF4B-00C04F79EFBC}") = "Unity.VisualScripting.Flow", "Unity.VisualScripting.Flow.csproj", "{0D6024B8-4332-3833-7424-AE4AD89FFB2C}"
EndProject
Project("{FAE04EC0-301F-11D3-BF4B-00C04F79EFBC}") = "UnityEditor.UI", "UnityEditor.UI.csproj", "{DA475687-56FE-436F-CBB8-B2B246CD42B4}"
EndProject
Project("{FAE04EC0-301F-11D3-BF4B-00C04F79EFBC}") = "Unity.Timeline.Editor", "Unity.Timeline.Editor.csproj", "{51E3763B-FC77-8E8B-0685-27B69AD685BD}"
EndProject
Project("{FAE04EC0-301F-11D3-BF4B-00C04F79EFBC}") = "Unity.PlasticSCM.Editor", "Unity.PlasticSCM.Editor.csproj", "{1CC26B3C-5D9F-9DF7-2CEF-C96668E18827}"
EndProject
Project("{FAE04EC0-301F-11D3-BF4B-00C04F79EFBC}") = "Unity.VisualScripting.Core.Editor", "Unity.VisualScripting.Core.Editor.csproj", "{DE2DD523-382F-6502-B0D6-BA07A2D68467}"
EndProject
Project("{FAE04EC0-301F-11D3-BF4B-00C04F79EFBC}") = "UnityEditor.TestRunner", "UnityEditor.TestRunner.csproj", "{2DD9C23D-9C69-C0CE-D219-DA0DE3801443}"
EndProject
Project("{FAE04EC0-301F-11D3-BF4B-00C04F79EFBC}") = "Unity.TextMeshPro.Editor", "Unity.TextMeshPro.Editor.csproj", "{E3B3FE38-DD16-C3AC-3E18-62E5F88F3A17}"
EndProject
Project("{FAE04EC0-301F-11D3-BF4B-00C04F79EFBC}") = "UnityEngine.TestRunner", "UnityEngine.TestRunner.csproj", "{529B4A4E-6026-7FB5-7774-F9FB031C25A0}"
EndProject
Project("{FAE04EC0-301F-11D3-BF4B-00C04F79EFBC}") = "Unity.VisualScripting.Core", "Unity.VisualScripting.Core.csproj", "{934BF832-3689-153F-1F00-2467A14921D3}"
EndProject
Project("{FAE04EC0-301F-11D3-BF4B-00C04F79EFBC}") = "Unity.VisualScripting.Flow.Editor", "Unity.VisualScripting.Flow.Editor.csproj", "{CEE2BDC2-BE68-E54E-9783-15A86AB78ABE}"
EndProject
Project("{FAE04EC0-301F-11D3-BF4B-00C04F79EFBC}") = "Assembly-CSharp", "Assembly-CSharp.csproj", "{EDBD36D2-E677-916F-4566-247A5B57AECD}"
EndProject
Project("{FAE04EC0-301F-11D3-BF4B-00C04F79EFBC}") = "Unity.AI.Navigation.Editor", "Unity.AI.Navigation.Editor.csproj", "{ACBB901F-E490-D9ED-1133-C7DF1FEA77A3}"
EndProject
Project("{FAE04EC0-301F-11D3-BF4B-00C04F79EFBC}") = "Unity.VisualStudio.Editor", "Unity.VisualStudio.Editor.csproj", "{E28E2B91-88F1-4076-B035-5EA4947EBC93}"
EndProject
Project("{FAE04EC0-301F-11D3-BF4B-00C04F79EFBC}") = "Unity.TestTools.CodeCoverage.Editor.OpenCover.Model", "Unity.TestTools.CodeCoverage.Editor.OpenCover.Model.csproj", "{5EA85DF4-31E4-23D4-EF4E-70307A076587}"
EndProject
Project("{FAE04EC0-301F-11D3-BF4B-00C04F79EFBC}") = "Unity.Rider.Editor", "Unity.Rider.Editor.csproj", "{FCD68D72-AC99-3EE5-EA7D-BB310FC872CD}"
EndProject
Project("{FAE04EC0-301F-11D3-BF4B-00C04F79EFBC}") = "Unity.AI.Navigation.Editor.ConversionSystem", "Unity.AI.Navigation.Editor.ConversionSystem.csproj", "{CE1CCA74-87CB-F0C4-7D9D-8717780A9E13}"
EndProject
Project("{FAE04EC0-301F-11D3-BF4B-00C04F79EFBC}") = "Unity.VisualScripting.State.Editor", "Unity.VisualScripting.State.Editor.csproj", "{F70621A2-F074-FFFC-4E58-B47EA021D33C}"
EndProject
Project("{FAE04EC0-301F-11D3-BF4B-00C04F79EFBC}") = "UnityEngine.UI", "UnityEngine.UI.csproj", "{84FDDD51-4D29-F38F-462E-BBB4946985BF}"
EndProject
Project("{FAE04EC0-301F-11D3-BF4B-00C04F79EFBC}") = "Unity.AI.Navigation", "Unity.AI.Navigation.csproj", "{B25A58A3-6860-B59F-C9DD-1E1ABE6531CC}"
EndProject
Project("{FAE04EC0-301F-11D3-BF4B-00C04F79EFBC}") = "Unity.VisualScripting.State", "Unity.VisualScripting.State.csproj", "{7D79F3A7-6DBA-6E16-B0E4-175BB8AB238A}"
EndProject
Project("{FAE04EC0-301F-11D3-BF4B-00C04F79EFBC}") = "Unity.TextMeshPro", "Unity.TextMeshPro.csproj", "{56E61260-F41D-C281-56D2-6AF4595AAA80}"
EndProject
Project("{FAE04EC0-301F-11D3-BF4B-00C04F79EFBC}") = "Unity.Performance.Profile-Analyzer.Editor", "Unity.Performance.Profile-Analyzer.Editor.csproj", "{9CE23D2E-8814-DD57-1D73-49D9E2790249}"
EndProject
Project("{FAE04EC0-301F-11D3-BF4B-00C04F79EFBC}") = "Unity.VisualScripting.SettingsProvider.Editor", "Unity.VisualScripting.SettingsProvider.Editor.csproj", "{7B1D6081-3A9F-C8A8-B3DF-1BF0E35CC96C}"
EndProject
Project("{FAE04EC0-301F-11D3-BF4B-00C04F79EFBC}") = "Unity.TestTools.CodeCoverage.Editor.OpenCover.Mono.Reflection", "Unity.TestTools.CodeCoverage.Editor.OpenCover.Mono.Reflection.csproj", "{AB52955E-ED60-5E19-16AA-C757DD4409EF}"
EndProject
Project("{FAE04EC0-301F-11D3-BF4B-00C04F79EFBC}") = "Unity.Sysroot.Linux_x86_64", "Unity.Sysroot.Linux_x86_64.csproj", "{41E0E3E3-0CB6-64CC-3EFB-E4D5FDE6FBB5}"
EndProject
Project("{FAE04EC0-301F-11D3-BF4B-00C04F79EFBC}") = "Unity.AI.Navigation.Updater", "Unity.AI.Navigation.Updater.csproj", "{5D8726C0-E579-6EAB-D8AE-3C7B0D9094D9}"
EndProject
Project("{FAE04EC0-301F-11D3-BF4B-00C04F79EFBC}") = "Unity.Settings.Editor", "Unity.Settings.Editor.csproj", "{8197B59F-D1BB-1BE1-A9F0-0685B3E6C221}"
EndProject
Project("{FAE04EC0-301F-11D3-BF4B-00C04F79EFBC}") = "Unity.SysrootPackage.Editor", "Unity.SysrootPackage.Editor.csproj", "{3AE762DE-FFD6-DA15-76E2-E172AE9205F4}"
EndProject
Project("{FAE04EC0-301F-11D3-BF4B-00C04F79EFBC}") = "Unity.VisualScripting.Shared.Editor", "Unity.VisualScripting.Shared.Editor.csproj", "{B663F732-5C6D-47FE-5C0B-C199CE0DC1F8}"
EndProject
Project("{FAE04EC0-301F-11D3-BF4B-00C04F79EFBC}") = "Unity.Toolchain.Win-x86_64-Linux-x86_64", "Unity.Toolchain.Win-x86_64-Linux-x86_64.csproj", "{50175423-478D-5842-83E2-C012FDFDA12F}"
EndProject
Project("{FAE04EC0-301F-11D3-BF4B-00C04F79EFBC}") = "Unity.EditorCoroutines.Editor", "Unity.EditorCoroutines.Editor.csproj", "{C994FB3B-C908-C620-1C8C-9C10596349EF}"
EndProject
Project("{FAE04EC0-301F-11D3-BF4B-00C04F79EFBC}") = "Unity.CollabProxy.Editor", "Unity.CollabProxy.Editor.csproj", "{8FAB3FE4-1761-EB2B-7243-3CA066BCE0D6}"
EndProject
Project("{FAE04EC0-301F-11D3-BF4B-00C04F79EFBC}") = "Unity.Timeline", "Unity.Timeline.Player.csproj", "{B212C8BC-5456-FC59-717E-438638E4A292}"
EndProject
Project("{FAE04EC0-301F-11D3-BF4B-00C04F79EFBC}") = "Unity.VisualScripting.Flow", "Unity.VisualScripting.Flow.Player.csproj", "{AEE9EA9B-BFF7-5B14-C613-9B256D4C7CB8}"
EndProject
Project("{FAE04EC0-301F-11D3-BF4B-00C04F79EFBC}") = "UnityEngine.TestRunner", "UnityEngine.TestRunner.Player.csproj", "{F3814444-CFB3-9A90-5309-CCEBC7E7A273}"
EndProject
Project("{FAE04EC0-301F-11D3-BF4B-00C04F79EFBC}") = "Unity.VisualScripting.Core", "Unity.VisualScripting.Core.Player.csproj", "{EF1C8795-5F06-6B2F-0FF3-290DAD0C3349}"
EndProject
Project("{FAE04EC0-301F-11D3-BF4B-00C04F79EFBC}") = "Assembly-CSharp", "Assembly-CSharp.Player.csproj", "{C631A7F2-D067-FC79-AC1D-268B7A5826B9}"
EndProject
Project("{FAE04EC0-301F-11D3-BF4B-00C04F79EFBC}") = "UnityEngine.UI", "UnityEngine.UI.Player.csproj", "{DEF3CB6B-83BD-3E87-7C0B-13049A92B829}"
EndProject
Project("{FAE04EC0-301F-11D3-BF4B-00C04F79EFBC}") = "Unity.AI.Navigation", "Unity.AI.Navigation.Player.csproj", "{61A1E3D8-B654-871B-0ADF-03B1A19CDFC0}"
EndProject
Project("{FAE04EC0-301F-11D3-BF4B-00C04F79EFBC}") = "Unity.VisualScripting.State", "Unity.VisualScripting.State.Player.csproj", "{90F33306-BFD6-2E4A-2DF6-B022F2EEF36E}"
EndProject
Project("{FAE04EC0-301F-11D3-BF4B-00C04F79EFBC}") = "Unity.TextMeshPro", "Unity.TextMeshPro.Player.csproj", "{BA471306-5806-8F5F-AB3C-AEA853964526}"
EndProject
Global
	GlobalSection(SolutionConfigurationPlatforms) = preSolution
		Debug|Any CPU = Debug|Any CPU
		Release|Any CPU = Release|Any CPU
	EndGlobalSection
	GlobalSection(ProjectConfigurationPlatforms) = postSolution
		{91677C46-27BB-5523-82DD-A55045DBBCA2}.Debug|Any CPU.ActiveCfg = Debug|Any CPU
		{91677C46-27BB-5523-82DD-A55045DBBCA2}.Debug|Any CPU.Build.0 = Debug|Any CPU
		{91677C46-27BB-5523-82DD-A55045DBBCA2}.Release|Any CPU.ActiveCfg = Release|Any CPU
		{91677C46-27BB-5523-82DD-A55045DBBCA2}.Release|Any CPU.Build.0 = Release|Any CPU
		{CAA7ED78-0FE2-5B67-C867-DF829B03229C}.Debug|Any CPU.ActiveCfg = Debug|Any CPU
		{CAA7ED78-0FE2-5B67-C867-DF829B03229C}.Debug|Any CPU.Build.0 = Debug|Any CPU
		{CAA7ED78-0FE2-5B67-C867-DF829B03229C}.Release|Any CPU.ActiveCfg = Release|Any CPU
		{CAA7ED78-0FE2-5B67-C867-DF829B03229C}.Release|Any CPU.Build.0 = Release|Any CPU
		{0D6024B8-4332-3833-7424-AE4AD89FFB2C}.Debug|Any CPU.ActiveCfg = Debug|Any CPU
		{0D6024B8-4332-3833-7424-AE4AD89FFB2C}.Debug|Any CPU.Build.0 = Debug|Any CPU
		{0D6024B8-4332-3833-7424-AE4AD89FFB2C}.Release|Any CPU.ActiveCfg = Release|Any CPU
		{0D6024B8-4332-3833-7424-AE4AD89FFB2C}.Release|Any CPU.Build.0 = Release|Any CPU
		{DA475687-56FE-436F-CBB8-B2B246CD42B4}.Debug|Any CPU.ActiveCfg = Debug|Any CPU
		{DA475687-56FE-436F-CBB8-B2B246CD42B4}.Debug|Any CPU.Build.0 = Debug|Any CPU
		{DA475687-56FE-436F-CBB8-B2B246CD42B4}.Release|Any CPU.ActiveCfg = Release|Any CPU
		{DA475687-56FE-436F-CBB8-B2B246CD42B4}.Release|Any CPU.Build.0 = Release|Any CPU
		{51E3763B-FC77-8E8B-0685-27B69AD685BD}.Debug|Any CPU.ActiveCfg = Debug|Any CPU
		{51E3763B-FC77-8E8B-0685-27B69AD685BD}.Debug|Any CPU.Build.0 = Debug|Any CPU
		{51E3763B-FC77-8E8B-0685-27B69AD685BD}.Release|Any CPU.ActiveCfg = Release|Any CPU
		{51E3763B-FC77-8E8B-0685-27B69AD685BD}.Release|Any CPU.Build.0 = Release|Any CPU
		{1CC26B3C-5D9F-9DF7-2CEF-C96668E18827}.Debug|Any CPU.ActiveCfg = Debug|Any CPU
		{1CC26B3C-5D9F-9DF7-2CEF-C96668E18827}.Debug|Any CPU.Build.0 = Debug|Any CPU
		{1CC26B3C-5D9F-9DF7-2CEF-C96668E18827}.Release|Any CPU.ActiveCfg = Release|Any CPU
		{1CC26B3C-5D9F-9DF7-2CEF-C96668E18827}.Release|Any CPU.Build.0 = Release|Any CPU
		{DE2DD523-382F-6502-B0D6-BA07A2D68467}.Debug|Any CPU.ActiveCfg = Debug|Any CPU
		{DE2DD523-382F-6502-B0D6-BA07A2D68467}.Debug|Any CPU.Build.0 = Debug|Any CPU
		{DE2DD523-382F-6502-B0D6-BA07A2D68467}.Release|Any CPU.ActiveCfg = Release|Any CPU
		{DE2DD523-382F-6502-B0D6-BA07A2D68467}.Release|Any CPU.Build.0 = Release|Any CPU
		{2DD9C23D-9C69-C0CE-D219-DA0DE3801443}.Debug|Any CPU.ActiveCfg = Debug|Any CPU
		{2DD9C23D-9C69-C0CE-D219-DA0DE3801443}.Debug|Any CPU.Build.0 = Debug|Any CPU
		{2DD9C23D-9C69-C0CE-D219-DA0DE3801443}.Release|Any CPU.ActiveCfg = Release|Any CPU
		{2DD9C23D-9C69-C0CE-D219-DA0DE3801443}.Release|Any CPU.Build.0 = Release|Any CPU
		{E3B3FE38-DD16-C3AC-3E18-62E5F88F3A17}.Debug|Any CPU.ActiveCfg = Debug|Any CPU
		{E3B3FE38-DD16-C3AC-3E18-62E5F88F3A17}.Debug|Any CPU.Build.0 = Debug|Any CPU
		{E3B3FE38-DD16-C3AC-3E18-62E5F88F3A17}.Release|Any CPU.ActiveCfg = Release|Any CPU
		{E3B3FE38-DD16-C3AC-3E18-62E5F88F3A17}.Release|Any CPU.Build.0 = Release|Any CPU
		{529B4A4E-6026-7FB5-7774-F9FB031C25A0}.Debug|Any CPU.ActiveCfg = Debug|Any CPU
		{529B4A4E-6026-7FB5-7774-F9FB031C25A0}.Debug|Any CPU.Build.0 = Debug|Any CPU
		{529B4A4E-6026-7FB5-7774-F9FB031C25A0}.Release|Any CPU.ActiveCfg = Release|Any CPU
		{529B4A4E-6026-7FB5-7774-F9FB031C25A0}.Release|Any CPU.Build.0 = Release|Any CPU
		{934BF832-3689-153F-1F00-2467A14921D3}.Debug|Any CPU.ActiveCfg = Debug|Any CPU
		{934BF832-3689-153F-1F00-2467A14921D3}.Debug|Any CPU.Build.0 = Debug|Any CPU
		{934BF832-3689-153F-1F00-2467A14921D3}.Release|Any CPU.ActiveCfg = Release|Any CPU
		{934BF832-3689-153F-1F00-2467A14921D3}.Release|Any CPU.Build.0 = Release|Any CPU
		{CEE2BDC2-BE68-E54E-9783-15A86AB78ABE}.Debug|Any CPU.ActiveCfg = Debug|Any CPU
		{CEE2BDC2-BE68-E54E-9783-15A86AB78ABE}.Debug|Any CPU.Build.0 = Debug|Any CPU
		{CEE2BDC2-BE68-E54E-9783-15A86AB78ABE}.Release|Any CPU.ActiveCfg = Release|Any CPU
		{CEE2BDC2-BE68-E54E-9783-15A86AB78ABE}.Release|Any CPU.Build.0 = Release|Any CPU
		{EDBD36D2-E677-916F-4566-247A5B57AECD}.Debug|Any CPU.ActiveCfg = Debug|Any CPU
		{EDBD36D2-E677-916F-4566-247A5B57AECD}.Debug|Any CPU.Build.0 = Debug|Any CPU
		{EDBD36D2-E677-916F-4566-247A5B57AECD}.Release|Any CPU.ActiveCfg = Release|Any CPU
		{EDBD36D2-E677-916F-4566-247A5B57AECD}.Release|Any CPU.Build.0 = Release|Any CPU
		{ACBB901F-E490-D9ED-1133-C7DF1FEA77A3}.Debug|Any CPU.ActiveCfg = Debug|Any CPU
		{ACBB901F-E490-D9ED-1133-C7DF1FEA77A3}.Debug|Any CPU.Build.0 = Debug|Any CPU
		{ACBB901F-E490-D9ED-1133-C7DF1FEA77A3}.Release|Any CPU.ActiveCfg = Release|Any CPU
		{ACBB901F-E490-D9ED-1133-C7DF1FEA77A3}.Release|Any CPU.Build.0 = Release|Any CPU
		{E28E2B91-88F1-4076-B035-5EA4947EBC93}.Debug|Any CPU.ActiveCfg = Debug|Any CPU
		{E28E2B91-88F1-4076-B035-5EA4947EBC93}.Debug|Any CPU.Build.0 = Debug|Any CPU
		{E28E2B91-88F1-4076-B035-5EA4947EBC93}.Release|Any CPU.ActiveCfg = Release|Any CPU
		{E28E2B91-88F1-4076-B035-5EA4947EBC93}.Release|Any CPU.Build.0 = Release|Any CPU
		{5EA85DF4-31E4-23D4-EF4E-70307A076587}.Debug|Any CPU.ActiveCfg = Debug|Any CPU
		{5EA85DF4-31E4-23D4-EF4E-70307A076587}.Debug|Any CPU.Build.0 = Debug|Any CPU
		{5EA85DF4-31E4-23D4-EF4E-70307A076587}.Release|Any CPU.ActiveCfg = Release|Any CPU
		{5EA85DF4-31E4-23D4-EF4E-70307A076587}.Release|Any CPU.Build.0 = Release|Any CPU
		{FCD68D72-AC99-3EE5-EA7D-BB310FC872CD}.Debug|Any CPU.ActiveCfg = Debug|Any CPU
		{FCD68D72-AC99-3EE5-EA7D-BB310FC872CD}.Debug|Any CPU.Build.0 = Debug|Any CPU
		{FCD68D72-AC99-3EE5-EA7D-BB310FC872CD}.Release|Any CPU.ActiveCfg = Release|Any CPU
		{FCD68D72-AC99-3EE5-EA7D-BB310FC872CD}.Release|Any CPU.Build.0 = Release|Any CPU
		{CE1CCA74-87CB-F0C4-7D9D-8717780A9E13}.Debug|Any CPU.ActiveCfg = Debug|Any CPU
		{CE1CCA74-87CB-F0C4-7D9D-8717780A9E13}.Debug|Any CPU.Build.0 = Debug|Any CPU
		{CE1CCA74-87CB-F0C4-7D9D-8717780A9E13}.Release|Any CPU.ActiveCfg = Release|Any CPU
		{CE1CCA74-87CB-F0C4-7D9D-8717780A9E13}.Release|Any CPU.Build.0 = Release|Any CPU
		{F70621A2-F074-FFFC-4E58-B47EA021D33C}.Debug|Any CPU.ActiveCfg = Debug|Any CPU
		{F70621A2-F074-FFFC-4E58-B47EA021D33C}.Debug|Any CPU.Build.0 = Debug|Any CPU
		{F70621A2-F074-FFFC-4E58-B47EA021D33C}.Release|Any CPU.ActiveCfg = Release|Any CPU
		{F70621A2-F074-FFFC-4E58-B47EA021D33C}.Release|Any CPU.Build.0 = Release|Any CPU
		{84FDDD51-4D29-F38F-462E-BBB4946985BF}.Debug|Any CPU.ActiveCfg = Debug|Any CPU
		{84FDDD51-4D29-F38F-462E-BBB4946985BF}.Debug|Any CPU.Build.0 = Debug|Any CPU
		{84FDDD51-4D29-F38F-462E-BBB4946985BF}.Release|Any CPU.ActiveCfg = Release|Any CPU
		{84FDDD51-4D29-F38F-462E-BBB4946985BF}.Release|Any CPU.Build.0 = Release|Any CPU
		{B25A58A3-6860-B59F-C9DD-1E1ABE6531CC}.Debug|Any CPU.ActiveCfg = Debug|Any CPU
		{B25A58A3-6860-B59F-C9DD-1E1ABE6531CC}.Debug|Any CPU.Build.0 = Debug|Any CPU
		{B25A58A3-6860-B59F-C9DD-1E1ABE6531CC}.Release|Any CPU.ActiveCfg = Release|Any CPU
		{B25A58A3-6860-B59F-C9DD-1E1ABE6531CC}.Release|Any CPU.Build.0 = Release|Any CPU
		{7D79F3A7-6DBA-6E16-B0E4-175BB8AB238A}.Debug|Any CPU.ActiveCfg = Debug|Any CPU
		{7D79F3A7-6DBA-6E16-B0E4-175BB8AB238A}.Debug|Any CPU.Build.0 = Debug|Any CPU
		{7D79F3A7-6DBA-6E16-B0E4-175BB8AB238A}.Release|Any CPU.ActiveCfg = Release|Any CPU
		{7D79F3A7-6DBA-6E16-B0E4-175BB8AB238A}.Release|Any CPU.Build.0 = Release|Any CPU
		{56E61260-F41D-C281-56D2-6AF4595AAA80}.Debug|Any CPU.ActiveCfg = Debug|Any CPU
		{56E61260-F41D-C281-56D2-6AF4595AAA80}.Debug|Any CPU.Build.0 = Debug|Any CPU
		{56E61260-F41D-C281-56D2-6AF4595AAA80}.Release|Any CPU.ActiveCfg = Release|Any CPU
		{56E61260-F41D-C281-56D2-6AF4595AAA80}.Release|Any CPU.Build.0 = Release|Any CPU
		{9CE23D2E-8814-DD57-1D73-49D9E2790249}.Debug|Any CPU.ActiveCfg = Debug|Any CPU
		{9CE23D2E-8814-DD57-1D73-49D9E2790249}.Debug|Any CPU.Build.0 = Debug|Any CPU
		{9CE23D2E-8814-DD57-1D73-49D9E2790249}.Release|Any CPU.ActiveCfg = Release|Any CPU
		{9CE23D2E-8814-DD57-1D73-49D9E2790249}.Release|Any CPU.Build.0 = Release|Any CPU
		{7B1D6081-3A9F-C8A8-B3DF-1BF0E35CC96C}.Debug|Any CPU.ActiveCfg = Debug|Any CPU
		{7B1D6081-3A9F-C8A8-B3DF-1BF0E35CC96C}.Debug|Any CPU.Build.0 = Debug|Any CPU
		{7B1D6081-3A9F-C8A8-B3DF-1BF0E35CC96C}.Release|Any CPU.ActiveCfg = Release|Any CPU
		{7B1D6081-3A9F-C8A8-B3DF-1BF0E35CC96C}.Release|Any CPU.Build.0 = Release|Any CPU
		{AB52955E-ED60-5E19-16AA-C757DD4409EF}.Debug|Any CPU.ActiveCfg = Debug|Any CPU
		{AB52955E-ED60-5E19-16AA-C757DD4409EF}.Debug|Any CPU.Build.0 = Debug|Any CPU
		{AB52955E-ED60-5E19-16AA-C757DD4409EF}.Release|Any CPU.ActiveCfg = Release|Any CPU
		{AB52955E-ED60-5E19-16AA-C757DD4409EF}.Release|Any CPU.Build.0 = Release|Any CPU
		{41E0E3E3-0CB6-64CC-3EFB-E4D5FDE6FBB5}.Debug|Any CPU.ActiveCfg = Debug|Any CPU
		{41E0E3E3-0CB6-64CC-3EFB-E4D5FDE6FBB5}.Debug|Any CPU.Build.0 = Debug|Any CPU
		{41E0E3E3-0CB6-64CC-3EFB-E4D5FDE6FBB5}.Release|Any CPU.ActiveCfg = Release|Any CPU
		{41E0E3E3-0CB6-64CC-3EFB-E4D5FDE6FBB5}.Release|Any CPU.Build.0 = Release|Any CPU
		{5D8726C0-E579-6EAB-D8AE-3C7B0D9094D9}.Debug|Any CPU.ActiveCfg = Debug|Any CPU
		{5D8726C0-E579-6EAB-D8AE-3C7B0D9094D9}.Debug|Any CPU.Build.0 = Debug|Any CPU
		{5D8726C0-E579-6EAB-D8AE-3C7B0D9094D9}.Release|Any CPU.ActiveCfg = Release|Any CPU
		{5D8726C0-E579-6EAB-D8AE-3C7B0D9094D9}.Release|Any CPU.Build.0 = Release|Any CPU
		{8197B59F-D1BB-1BE1-A9F0-0685B3E6C221}.Debug|Any CPU.ActiveCfg = Debug|Any CPU
		{8197B59F-D1BB-1BE1-A9F0-0685B3E6C221}.Debug|Any CPU.Build.0 = Debug|Any CPU
		{8197B59F-D1BB-1BE1-A9F0-0685B3E6C221}.Release|Any CPU.ActiveCfg = Release|Any CPU
		{8197B59F-D1BB-1BE1-A9F0-0685B3E6C221}.Release|Any CPU.Build.0 = Release|Any CPU
		{3AE762DE-FFD6-DA15-76E2-E172AE9205F4}.Debug|Any CPU.ActiveCfg = Debug|Any CPU
		{3AE762DE-FFD6-DA15-76E2-E172AE9205F4}.Debug|Any CPU.Build.0 = Debug|Any CPU
		{3AE762DE-FFD6-DA15-76E2-E172AE9205F4}.Release|Any CPU.ActiveCfg = Release|Any CPU
		{3AE762DE-FFD6-DA15-76E2-E172AE9205F4}.Release|Any CPU.Build.0 = Release|Any CPU
		{B663F732-5C6D-47FE-5C0B-C199CE0DC1F8}.Debug|Any CPU.ActiveCfg = Debug|Any CPU
		{B663F732-5C6D-47FE-5C0B-C199CE0DC1F8}.Debug|Any CPU.Build.0 = Debug|Any CPU
		{B663F732-5C6D-47FE-5C0B-C199CE0DC1F8}.Release|Any CPU.ActiveCfg = Release|Any CPU
		{B663F732-5C6D-47FE-5C0B-C199CE0DC1F8}.Release|Any CPU.Build.0 = Release|Any CPU
		{50175423-478D-5842-83E2-C012FDFDA12F}.Debug|Any CPU.ActiveCfg = Debug|Any CPU
		{50175423-478D-5842-83E2-C012FDFDA12F}.Debug|Any CPU.Build.0 = Debug|Any CPU
		{50175423-478D-5842-83E2-C012FDFDA12F}.Release|Any CPU.ActiveCfg = Release|Any CPU
		{50175423-478D-5842-83E2-C012FDFDA12F}.Release|Any CPU.Build.0 = Release|Any CPU
		{C994FB3B-C908-C620-1C8C-9C10596349EF}.Debug|Any CPU.ActiveCfg = Debug|Any CPU
		{C994FB3B-C908-C620-1C8C-9C10596349EF}.Debug|Any CPU.Build.0 = Debug|Any CPU
		{C994FB3B-C908-C620-1C8C-9C10596349EF}.Release|Any CPU.ActiveCfg = Release|Any CPU
		{C994FB3B-C908-C620-1C8C-9C10596349EF}.Release|Any CPU.Build.0 = Release|Any CPU
		{8FAB3FE4-1761-EB2B-7243-3CA066BCE0D6}.Debug|Any CPU.ActiveCfg = Debug|Any CPU
		{8FAB3FE4-1761-EB2B-7243-3CA066BCE0D6}.Debug|Any CPU.Build.0 = Debug|Any CPU
		{8FAB3FE4-1761-EB2B-7243-3CA066BCE0D6}.Release|Any CPU.ActiveCfg = Release|Any CPU
		{8FAB3FE4-1761-EB2B-7243-3CA066BCE0D6}.Release|Any CPU.Build.0 = Release|Any CPU
		{B212C8BC-5456-FC59-717E-438638E4A292}.Debug|Any CPU.ActiveCfg = Debug|Any CPU
		{B212C8BC-5456-FC59-717E-438638E4A292}.Debug|Any CPU.Build.0 = Debug|Any CPU
		{B212C8BC-5456-FC59-717E-438638E4A292}.Release|Any CPU.ActiveCfg = Release|Any CPU
		{B212C8BC-5456-FC59-717E-438638E4A292}.Release|Any CPU.Build.0 = Release|Any CPU
		{AEE9EA9B-BFF7-5B14-C613-9B256D4C7CB8}.Debug|Any CPU.ActiveCfg = Debug|Any CPU
		{AEE9EA9B-BFF7-5B14-C613-9B256D4C7CB8}.Debug|Any CPU.Build.0 = Debug|Any CPU
		{AEE9EA9B-BFF7-5B14-C613-9B256D4C7CB8}.Release|Any CPU.ActiveCfg = Release|Any CPU
		{AEE9EA9B-BFF7-5B14-C613-9B256D4C7CB8}.Release|Any CPU.Build.0 = Release|Any CPU
		{F3814444-CFB3-9A90-5309-CCEBC7E7A273}.Debug|Any CPU.ActiveCfg = Debug|Any CPU
		{F3814444-CFB3-9A90-5309-CCEBC7E7A273}.Debug|Any CPU.Build.0 = Debug|Any CPU
		{F3814444-CFB3-9A90-5309-CCEBC7E7A273}.Release|Any CPU.ActiveCfg = Release|Any CPU
		{F3814444-CFB3-9A90-5309-CCEBC7E7A273}.Release|Any CPU.Build.0 = Release|Any CPU
		{EF1C8795-5F06-6B2F-0FF3-290DAD0C3349}.Debug|Any CPU.ActiveCfg = Debug|Any CPU
		{EF1C8795-5F06-6B2F-0FF3-290DAD0C3349}.Debug|Any CPU.Build.0 = Debug|Any CPU
		{EF1C8795-5F06-6B2F-0FF3-290DAD0C3349}.Release|Any CPU.ActiveCfg = Release|Any CPU
		{EF1C8795-5F06-6B2F-0FF3-290DAD0C3349}.Release|Any CPU.Build.0 = Release|Any CPU
		{C631A7F2-D067-FC79-AC1D-268B7A5826B9}.Debug|Any CPU.ActiveCfg = Debug|Any CPU
		{C631A7F2-D067-FC79-AC1D-268B7A5826B9}.Debug|Any CPU.Build.0 = Debug|Any CPU
		{C631A7F2-D067-FC79-AC1D-268B7A5826B9}.Release|Any CPU.ActiveCfg = Release|Any CPU
		{C631A7F2-D067-FC79-AC1D-268B7A5826B9}.Release|Any CPU.Build.0 = Release|Any CPU
		{DEF3CB6B-83BD-3E87-7C0B-13049A92B829}.Debug|Any CPU.ActiveCfg = Debug|Any CPU
		{DEF3CB6B-83BD-3E87-7C0B-13049A92B829}.Debug|Any CPU.Build.0 = Debug|Any CPU
		{DEF3CB6B-83BD-3E87-7C0B-13049A92B829}.Release|Any CPU.ActiveCfg = Release|Any CPU
		{DEF3CB6B-83BD-3E87-7C0B-13049A92B829}.Release|Any CPU.Build.0 = Release|Any CPU
		{61A1E3D8-B654-871B-0ADF-03B1A19CDFC0}.Debug|Any CPU.ActiveCfg = Debug|Any CPU
		{61A1E3D8-B654-871B-0ADF-03B1A19CDFC0}.Debug|Any CPU.Build.0 = Debug|Any CPU
		{61A1E3D8-B654-871B-0ADF-03B1A19CDFC0}.Release|Any CPU.ActiveCfg = Release|Any CPU
		{61A1E3D8-B654-871B-0ADF-03B1A19CDFC0}.Release|Any CPU.Build.0 = Release|Any CPU
		{90F33306-BFD6-2E4A-2DF6-B022F2EEF36E}.Debug|Any CPU.ActiveCfg = Debug|Any CPU
		{90F33306-BFD6-2E4A-2DF6-B022F2EEF36E}.Debug|Any CPU.Build.0 = Debug|Any CPU
		{90F33306-BFD6-2E4A-2DF6-B022F2EEF36E}.Release|Any CPU.ActiveCfg = Release|Any CPU
		{90F33306-BFD6-2E4A-2DF6-B022F2EEF36E}.Release|Any CPU.Build.0 = Release|Any CPU
		{BA471306-5806-8F5F-AB3C-AEA853964526}.Debug|Any CPU.ActiveCfg = Debug|Any CPU
		{BA471306-5806-8F5F-AB3C-AEA853964526}.Debug|Any CPU.Build.0 = Debug|Any CPU
		{BA471306-5806-8F5F-AB3C-AEA853964526}.Release|Any CPU.ActiveCfg = Release|Any CPU
		{BA471306-5806-8F5F-AB3C-AEA853964526}.Release|Any CPU.Build.0 = Release|Any CPU
	EndGlobalSection
	GlobalSection(SolutionProperties) = preSolution
		HideSolutionNode = FALSE
	EndGlobalSection
EndGlobal
